
Microsoft Visual Studio Solution File, Format Version 12.00
# Visual Studio 15
VisualStudioVersion = 15.0.26124.0
MinimumVisualStudioVersion = 15.0.26124.0
Project("{9A19103F-16F7-4668-BE54-9A1E7A4F7556}") = "R5T.D0019.Construction", "R5T.D0019.Construction\R5T.D0019.Construction.csproj", "{0C698398-5D8B-4A0B-B964-DF4959AE9C3B}"
EndProject
Project("{9A19103F-16F7-4668-BE54-9A1E7A4F7556}") = "R5T.D0019", "R5T.D0019\R5T.D0019.csproj", "{0D208063-2E32-4440-940E-FEF1AD940CCB}"
EndProject
Project("{9A19103F-16F7-4668-BE54-9A1E7A4F7556}") = "R5T.D0019.Base", "R5T.D0019.Base\R5T.D0019.Base.csproj", "{8BE332DF-D826-4D29-B00A-042792DAF128}"
EndProject
Project("{2150E333-8FDC-42A3-9474-1A3956D46DE8}") = "_Dependencies", "_Dependencies", "{202D16FF-35F4-4DCC-9210-89DC93C2D1C8}"
EndProject
Project("{9A19103F-16F7-4668-BE54-9A1E7A4F7556}") = "R5T.T0002", "..\..\R5T.T0002\source\R5T.T0002\R5T.T0002.csproj", "{41A39256-477E-44B7-919D-4DA37B88D7EC}"
EndProject
Project("{9A19103F-16F7-4668-BE54-9A1E7A4F7556}") = "R5T.Ostersund", "..\..\R5T.Ostersund\source\R5T.Ostersund\R5T.Ostersund.csproj", "{0C431FE3-5AE5-4842-89C7-EC7DCB1698B6}"
EndProject
Project("{9A19103F-16F7-4668-BE54-9A1E7A4F7556}") = "R5T.T0003", "..\..\R5T.T0003\source\R5T.T0003\R5T.T0003.csproj", "{437DAAF0-52DA-4A16-99A0-3D08F757B7E2}"
EndProject
Project("{9A19103F-16F7-4668-BE54-9A1E7A4F7556}") = "R5T.D0019.Default", "R5T.D0019.Default\R5T.D0019.Default.csproj", "{2908F50A-EDB1-4CE6-91BF-A29DA37A83B4}"
EndProject
Project("{9A19103F-16F7-4668-BE54-9A1E7A4F7556}") = "R5T.Dacia.Extensions", "..\..\R5T.Dacia.Extensions\source\R5T.Dacia.Extensions\R5T.Dacia.Extensions.csproj", "{B6E62730-DC93-4560-9CD4-93DD4A7370DE}"
EndProject
Project("{9A19103F-16F7-4668-BE54-9A1E7A4F7556}") = "R5T.Dacia", "..\..\R5T.Dacia\source\R5T.Dacia\R5T.Dacia.csproj", "{C3677B1B-5F8E-437C-A6B9-CF8E08597AFE}"
EndProject
Global
	GlobalSection(SolutionConfigurationPlatforms) = preSolution
		Debug|Any CPU = Debug|Any CPU
		Debug|x64 = Debug|x64
		Debug|x86 = Debug|x86
		Release|Any CPU = Release|Any CPU
		Release|x64 = Release|x64
		Release|x86 = Release|x86
	EndGlobalSection
	GlobalSection(ProjectConfigurationPlatforms) = postSolution
		{0C698398-5D8B-4A0B-B964-DF4959AE9C3B}.Debug|Any CPU.ActiveCfg = Debug|Any CPU
		{0C698398-5D8B-4A0B-B964-DF4959AE9C3B}.Debug|Any CPU.Build.0 = Debug|Any CPU
		{0C698398-5D8B-4A0B-B964-DF4959AE9C3B}.Debug|x64.ActiveCfg = Debug|Any CPU
		{0C698398-5D8B-4A0B-B964-DF4959AE9C3B}.Debug|x64.Build.0 = Debug|Any CPU
		{0C698398-5D8B-4A0B-B964-DF4959AE9C3B}.Debug|x86.ActiveCfg = Debug|Any CPU
		{0C698398-5D8B-4A0B-B964-DF4959AE9C3B}.Debug|x86.Build.0 = Debug|Any CPU
		{0C698398-5D8B-4A0B-B964-DF4959AE9C3B}.Release|Any CPU.ActiveCfg = Release|Any CPU
		{0C698398-5D8B-4A0B-B964-DF4959AE9C3B}.Release|Any CPU.Build.0 = Release|Any CPU
		{0C698398-5D8B-4A0B-B964-DF4959AE9C3B}.Release|x64.ActiveCfg = Release|Any CPU
		{0C698398-5D8B-4A0B-B964-DF4959AE9C3B}.Release|x64.Build.0 = Release|Any CPU
		{0C698398-5D8B-4A0B-B964-DF4959AE9C3B}.Release|x86.ActiveCfg = Release|Any CPU
		{0C698398-5D8B-4A0B-B964-DF4959AE9C3B}.Release|x86.Build.0 = Release|Any CPU
		{0D208063-2E32-4440-940E-FEF1AD940CCB}.Debug|Any CPU.ActiveCfg = Debug|Any CPU
		{0D208063-2E32-4440-940E-FEF1AD940CCB}.Debug|Any CPU.Build.0 = Debug|Any CPU
		{0D208063-2E32-4440-940E-FEF1AD940CCB}.Debug|x64.ActiveCfg = Debug|Any CPU
		{0D208063-2E32-4440-940E-FEF1AD940CCB}.Debug|x64.Build.0 = Debug|Any CPU
		{0D208063-2E32-4440-940E-FEF1AD940CCB}.Debug|x86.ActiveCfg = Debug|Any CPU
		{0D208063-2E32-4440-940E-FEF1AD940CCB}.Debug|x86.Build.0 = Debug|Any CPU
		{0D208063-2E32-4440-940E-FEF1AD940CCB}.Release|Any CPU.ActiveCfg = Release|Any CPU
		{0D208063-2E32-4440-940E-FEF1AD940CCB}.Release|Any CPU.Build.0 = Release|Any CPU
		{0D208063-2E32-4440-940E-FEF1AD940CCB}.Release|x64.ActiveCfg = Release|Any CPU
		{0D208063-2E32-4440-940E-FEF1AD940CCB}.Release|x64.Build.0 = Release|Any CPU
		{0D208063-2E32-4440-940E-FEF1AD940CCB}.Release|x86.ActiveCfg = Release|Any CPU
		{0D208063-2E32-4440-940E-FEF1AD940CCB}.Release|x86.Build.0 = Release|Any CPU
		{8BE332DF-D826-4D29-B00A-042792DAF128}.Debug|Any CPU.ActiveCfg = Debug|Any CPU
		{8BE332DF-D826-4D29-B00A-042792DAF128}.Debug|Any CPU.Build.0 = Debug|Any CPU
		{8BE332DF-D826-4D29-B00A-042792DAF128}.Debug|x64.ActiveCfg = Debug|Any CPU
		{8BE332DF-D826-4D29-B00A-042792DAF128}.Debug|x64.Build.0 = Debug|Any CPU
		{8BE332DF-D826-4D29-B00A-042792DAF128}.Debug|x86.ActiveCfg = Debug|Any CPU
		{8BE332DF-D826-4D29-B00A-042792DAF128}.Debug|x86.Build.0 = Debug|Any CPU
		{8BE332DF-D826-4D29-B00A-042792DAF128}.Release|Any CPU.ActiveCfg = Release|Any CPU
		{8BE332DF-D826-4D29-B00A-042792DAF128}.Release|Any CPU.Build.0 = Release|Any CPU
		{8BE332DF-D826-4D29-B00A-042792DAF128}.Release|x64.ActiveCfg = Release|Any CPU
		{8BE332DF-D826-4D29-B00A-042792DAF128}.Release|x64.Build.0 = Release|Any CPU
		{8BE332DF-D826-4D29-B00A-042792DAF128}.Release|x86.ActiveCfg = Release|Any CPU
		{8BE332DF-D826-4D29-B00A-042792DAF128}.Release|x86.Build.0 = Release|Any CPU
		{41A39256-477E-44B7-919D-4DA37B88D7EC}.Debug|Any CPU.ActiveCfg = Debug|Any CPU
		{41A39256-477E-44B7-919D-4DA37B88D7EC}.Debug|Any CPU.Build.0 = Debug|Any CPU
		{41A39256-477E-44B7-919D-4DA37B88D7EC}.Debug|x64.ActiveCfg = Debug|Any CPU
		{41A39256-477E-44B7-919D-4DA37B88D7EC}.Debug|x64.Build.0 = Debug|Any CPU
		{41A39256-477E-44B7-919D-4DA37B88D7EC}.Debug|x86.ActiveCfg = Debug|Any CPU
		{41A39256-477E-44B7-919D-4DA37B88D7EC}.Debug|x86.Build.0 = Debug|Any CPU
		{41A39256-477E-44B7-919D-4DA37B88D7EC}.Release|Any CPU.ActiveCfg = Release|Any CPU
		{41A39256-477E-44B7-919D-4DA37B88D7EC}.Release|Any CPU.Build.0 = Release|Any CPU
		{41A39256-477E-44B7-919D-4DA37B88D7EC}.Release|x64.ActiveCfg = Release|Any CPU
		{41A39256-477E-44B7-919D-4DA37B88D7EC}.Release|x64.Build.0 = Release|Any CPU
		{41A39256-477E-44B7-919D-4DA37B88D7EC}.Release|x86.ActiveCfg = Release|Any CPU
		{41A39256-477E-44B7-919D-4DA37B88D7EC}.Release|x86.Build.0 = Release|Any CPU
		{0C431FE3-5AE5-4842-89C7-EC7DCB1698B6}.Debug|Any CPU.ActiveCfg = Debug|Any CPU
		{0C431FE3-5AE5-4842-89C7-EC7DCB1698B6}.Debug|Any CPU.Build.0 = Debug|Any CPU
		{0C431FE3-5AE5-4842-89C7-EC7DCB1698B6}.Debug|x64.ActiveCfg = Debug|Any CPU
		{0C431FE3-5AE5-4842-89C7-EC7DCB1698B6}.Debug|x64.Build.0 = Debug|Any CPU
		{0C431FE3-5AE5-4842-89C7-EC7DCB1698B6}.Debug|x86.ActiveCfg = Debug|Any CPU
		{0C431FE3-5AE5-4842-89C7-EC7DCB1698B6}.Debug|x86.Build.0 = Debug|Any CPU
		{0C431FE3-5AE5-4842-89C7-EC7DCB1698B6}.Release|Any CPU.ActiveCfg = Release|Any CPU
		{0C431FE3-5AE5-4842-89C7-EC7DCB1698B6}.Release|Any CPU.Build.0 = Release|Any CPU
		{0C431FE3-5AE5-4842-89C7-EC7DCB1698B6}.Release|x64.ActiveCfg = Release|Any CPU
		{0C431FE3-5AE5-4842-89C7-EC7DCB1698B6}.Release|x64.Build.0 = Release|Any CPU
		{0C431FE3-5AE5-4842-89C7-EC7DCB1698B6}.Release|x86.ActiveCfg = Release|Any CPU
		{0C431FE3-5AE5-4842-89C7-EC7DCB1698B6}.Release|x86.Build.0 = Release|Any CPU
		{437DAAF0-52DA-4A16-99A0-3D08F757B7E2}.Debug|Any CPU.ActiveCfg = Debug|Any CPU
		{437DAAF0-52DA-4A16-99A0-3D08F757B7E2}.Debug|Any CPU.Build.0 = Debug|Any CPU
		{437DAAF0-52DA-4A16-99A0-3D08F757B7E2}.Debug|x64.ActiveCfg = Debug|Any CPU
		{437DAAF0-52DA-4A16-99A0-3D08F757B7E2}.Debug|x64.Build.0 = Debug|Any CPU
		{437DAAF0-52DA-4A16-99A0-3D08F757B7E2}.Debug|x86.ActiveCfg = Debug|Any CPU
		{437DAAF0-52DA-4A16-99A0-3D08F757B7E2}.Debug|x86.Build.0 = Debug|Any CPU
		{437DAAF0-52DA-4A16-99A0-3D08F757B7E2}.Release|Any CPU.ActiveCfg = Release|Any CPU
		{437DAAF0-52DA-4A16-99A0-3D08F757B7E2}.Release|Any CPU.Build.0 = Release|Any CPU
		{437DAAF0-52DA-4A16-99A0-3D08F757B7E2}.Release|x64.ActiveCfg = Release|Any CPU
		{437DAAF0-52DA-4A16-99A0-3D08F757B7E2}.Release|x64.Build.0 = Release|Any CPU
		{437DAAF0-52DA-4A16-99A0-3D08F757B7E2}.Release|x86.ActiveCfg = Release|Any CPU
		{437DAAF0-52DA-4A16-99A0-3D08F757B7E2}.Release|x86.Build.0 = Release|Any CPU
		{2908F50A-EDB1-4CE6-91BF-A29DA37A83B4}.Debug|Any CPU.ActiveCfg = Debug|Any CPU
		{2908F50A-EDB1-4CE6-91BF-A29DA37A83B4}.Debug|Any CPU.Build.0 = Debug|Any CPU
		{2908F50A-EDB1-4CE6-91BF-A29DA37A83B4}.Debug|x64.ActiveCfg = Debug|Any CPU
		{2908F50A-EDB1-4CE6-91BF-A29DA37A83B4}.Debug|x64.Build.0 = Debug|Any CPU
		{2908F50A-EDB1-4CE6-91BF-A29DA37A83B4}.Debug|x86.ActiveCfg = Debug|Any CPU
		{2908F50A-EDB1-4CE6-91BF-A29DA37A83B4}.Debug|x86.Build.0 = Debug|Any CPU
		{2908F50A-EDB1-4CE6-91BF-A29DA37A83B4}.Release|Any CPU.ActiveCfg = Release|Any CPU
		{2908F50A-EDB1-4CE6-91BF-A29DA37A83B4}.Release|Any CPU.Build.0 = Release|Any CPU
		{2908F50A-EDB1-4CE6-91BF-A29DA37A83B4}.Release|x64.ActiveCfg = Release|Any CPU
		{2908F50A-EDB1-4CE6-91BF-A29DA37A83B4}.Release|x64.Build.0 = Release|Any CPU
		{2908F50A-EDB1-4CE6-91BF-A29DA37A83B4}.Release|x86.ActiveCfg = Release|Any CPU
		{2908F50A-EDB1-4CE6-91BF-A29DA37A83B4}.Release|x86.Build.0 = Release|Any CPU
		{B6E62730-DC93-4560-9CD4-93DD4A7370DE}.Debug|Any CPU.ActiveCfg = Debug|Any CPU
		{B6E62730-DC93-4560-9CD4-93DD4A7370DE}.Debug|Any CPU.Build.0 = Debug|Any CPU
		{B6E62730-DC93-4560-9CD4-93DD4A7370DE}.Debug|x64.ActiveCfg = Debug|Any CPU
		{B6E62730-DC93-4560-9CD4-93DD4A7370DE}.Debug|x64.Build.0 = Debug|Any CPU
		{B6E62730-DC93-4560-9CD4-93DD4A7370DE}.Debug|x86.ActiveCfg = Debug|Any CPU
		{B6E62730-DC93-4560-9CD4-93DD4A7370DE}.Debug|x86.Build.0 = Debug|Any CPU
		{B6E62730-DC93-4560-9CD4-93DD4A7370DE}.Release|Any CPU.ActiveCfg = Release|Any CPU
		{B6E62730-DC93-4560-9CD4-93DD4A7370DE}.Release|Any CPU.Build.0 = Release|Any CPU
		{B6E62730-DC93-4560-9CD4-93DD4A7370DE}.Release|x64.ActiveCfg = Release|Any CPU
		{B6E62730-DC93-4560-9CD4-93DD4A7370DE}.Release|x64.Build.0 = Release|Any CPU
		{B6E62730-DC93-4560-9CD4-93DD4A7370DE}.Release|x86.ActiveCfg = Release|Any CPU
		{B6E62730-DC93-4560-9CD4-93DD4A7370DE}.Release|x86.Build.0 = Release|Any CPU
		{C3677B1B-5F8E-437C-A6B9-CF8E08597AFE}.Debug|Any CPU.ActiveCfg = Debug|Any CPU
		{C3677B1B-5F8E-437C-A6B9-CF8E08597AFE}.Debug|Any CPU.Build.0 = Debug|Any CPU
		{C3677B1B-5F8E-437C-A6B9-CF8E08597AFE}.Debug|x64.ActiveCfg = Debug|Any CPU
		{C3677B1B-5F8E-437C-A6B9-CF8E08597AFE}.Debug|x64.Build.0 = Debug|Any CPU
		{C3677B1B-5F8E-437C-A6B9-CF8E08597AFE}.Debug|x86.ActiveCfg = Debug|Any CPU
		{C3677B1B-5F8E-437C-A6B9-CF8E08597AFE}.Debug|x86.Build.0 = Debug|Any CPU
		{C3677B1B-5F8E-437C-A6B9-CF8E08597AFE}.Release|Any CPU.ActiveCfg = Release|Any CPU
		{C3677B1B-5F8E-437C-A6B9-CF8E08597AFE}.Release|Any CPU.Build.0 = Release|Any CPU
		{C3677B1B-5F8E-437C-A6B9-CF8E08597AFE}.Release|x64.ActiveCfg = Release|Any CPU
		{C3677B1B-5F8E-437C-A6B9-CF8E08597AFE}.Release|x64.Build.0 = Release|Any CPU
		{C3677B1B-5F8E-437C-A6B9-CF8E08597AFE}.Release|x86.ActiveCfg = Release|Any CPU
		{C3677B1B-5F8E-437C-A6B9-CF8E08597AFE}.Release|x86.Build.0 = Release|Any CPU
	EndGlobalSection
	GlobalSection(SolutionProperties) = preSolution
		HideSolutionNode = FALSE
	EndGlobalSection
	GlobalSection(NestedProjects) = preSolution
		{41A39256-477E-44B7-919D-4DA37B88D7EC} = {202D16FF-35F4-4DCC-9210-89DC93C2D1C8}
		{0C431FE3-5AE5-4842-89C7-EC7DCB1698B6} = {202D16FF-35F4-4DCC-9210-89DC93C2D1C8}
		{437DAAF0-52DA-4A16-99A0-3D08F757B7E2} = {202D16FF-35F4-4DCC-9210-89DC93C2D1C8}
		{B6E62730-DC93-4560-9CD4-93DD4A7370DE} = {202D16FF-35F4-4DCC-9210-89DC93C2D1C8}
		{C3677B1B-5F8E-437C-A6B9-CF8E08597AFE} = {202D16FF-35F4-4DCC-9210-89DC93C2D1C8}
	EndGlobalSection
	GlobalSection(ExtensibilityGlobals) = postSolution
		SolutionGuid = {FB5607F4-0A16-4084-92D3-23ECEACC9206}
	EndGlobalSection
EndGlobal
